// !$*UTF8*$!
{
	archiveVersion = 1;
	classes = {
	};
	objectVersion = 50;
	objects = {

/* Begin PBXBuildFile section */
		F1AF15CB25D6C34C00FC2B3B /* AppDelegate.swift in Sources */ = {isa = PBXBuildFile; fileRef = F1AF15CA25D6C34C00FC2B3B /* AppDelegate.swift */; };
		F1AF15CD25D6C34C00FC2B3B /* SceneDelegate.swift in Sources */ = {isa = PBXBuildFile; fileRef = F1AF15CC25D6C34C00FC2B3B /* SceneDelegate.swift */; };
		F1AF15CF25D6C34C00FC2B3B /* ViewController.swift in Sources */ = {isa = PBXBuildFile; fileRef = F1AF15CE25D6C34C00FC2B3B /* ViewController.swift */; };
		F1AF15D225D6C34C00FC2B3B /* Main.storyboard in Resources */ = {isa = PBXBuildFile; fileRef = F1AF15D025D6C34C00FC2B3B /* Main.storyboard */; };
		F1AF15D425D6C34D00FC2B3B /* Assets.xcassets in Resources */ = {isa = PBXBuildFile; fileRef = F1AF15D325D6C34D00FC2B3B /* Assets.xcassets */; };
		F1AF15D725D6C34D00FC2B3B /* LaunchScreen.storyboard in Resources */ = {isa = PBXBuildFile; fileRef = F1AF15D525D6C34D00FC2B3B /* LaunchScreen.storyboard */; };
		F1AF160025D6C35E00FC2B3B /* SolutionTests.swift in Sources */ = {isa = PBXBuildFile; fileRef = F1AF15FF25D6C35E00FC2B3B /* SolutionTests.swift */; };
		F1AF160625D6C36D00FC2B3B /* Solution.swift in Sources */ = {isa = PBXBuildFile; fileRef = F1AF160525D6C36D00FC2B3B /* Solution.swift */; };
/* End PBXBuildFile section */

/* Begin PBXContainerItemProxy section */
		F1AF15DE25D6C34E00FC2B3B /* PBXContainerItemProxy */ = {
			isa = PBXContainerItemProxy;
			containerPortal = F1AF15BF25D6C34C00FC2B3B /* Project object */;
			proxyType = 1;
			remoteGlobalIDString = F1AF15C625D6C34C00FC2B3B;
			remoteInfo = "LC_Position-large-groups";
		};
/* End PBXContainerItemProxy section */

/* Begin PBXFileReference section */
		F1AF15C725D6C34C00FC2B3B /* LC_Position-large-groups.app */ = {isa = PBXFileReference; explicitFileType = wrapper.application; includeInIndex = 0; path = "LC_Position-large-groups.app"; sourceTree = BUILT_PRODUCTS_DIR; };
		F1AF15CA25D6C34C00FC2B3B /* AppDelegate.swift */ = {isa = PBXFileReference; lastKnownFileType = sourcecode.swift; path = AppDelegate.swift; sourceTree = "<group>"; };
		F1AF15CC25D6C34C00FC2B3B /* SceneDelegate.swift */ = {isa = PBXFileReference; lastKnownFileType = sourcecode.swift; path = SceneDelegate.swift; sourceTree = "<group>"; };
		F1AF15CE25D6C34C00FC2B3B /* ViewController.swift */ = {isa = PBXFileReference; lastKnownFileType = sourcecode.swift; path = ViewController.swift; sourceTree = "<group>"; };
		F1AF15D125D6C34C00FC2B3B /* Base */ = {isa = PBXFileReference; lastKnownFileType = file.storyboard; name = Base; path = Base.lproj/Main.storyboard; sourceTree = "<group>"; };
		F1AF15D325D6C34D00FC2B3B /* Assets.xcassets */ = {isa = PBXFileReference; lastKnownFileType = folder.assetcatalog; path = Assets.xcassets; sourceTree = "<group>"; };
		F1AF15D625D6C34D00FC2B3B /* Base */ = {isa = PBXFileReference; lastKnownFileType = file.storyboard; name = Base; path = Base.lproj/LaunchScreen.storyboard; sourceTree = "<group>"; };
		F1AF15D825D6C34D00FC2B3B /* Info.plist */ = {isa = PBXFileReference; lastKnownFileType = text.plist.xml; path = Info.plist; sourceTree = "<group>"; };
		F1AF15DD25D6C34E00FC2B3B /* LC_Position-large-groupsTests.xctest */ = {isa = PBXFileReference; explicitFileType = wrapper.cfbundle; includeInIndex = 0; path = "LC_Position-large-groupsTests.xctest"; sourceTree = BUILT_PRODUCTS_DIR; };
		F1AF15E325D6C34E00FC2B3B /* Info.plist */ = {isa = PBXFileReference; lastKnownFileType = text.plist.xml; path = Info.plist; sourceTree = "<group>"; };
		F1AF15FF25D6C35E00FC2B3B /* SolutionTests.swift */ = {isa = PBXFileReference; lastKnownFileType = sourcecode.swift; path = SolutionTests.swift; sourceTree = "<group>"; };
		F1AF160525D6C36D00FC2B3B /* Solution.swift */ = {isa = PBXFileReference; lastKnownFileType = sourcecode.swift; path = Solution.swift; sourceTree = "<group>"; };
/* End PBXFileReference section */

/* Begin PBXFrameworksBuildPhase section */
		F1AF15C425D6C34C00FC2B3B /* Frameworks */ = {
			isa = PBXFrameworksBuildPhase;
			buildActionMask = 2147483647;
			files = (
			);
			runOnlyForDeploymentPostprocessing = 0;
		};
		F1AF15DA25D6C34E00FC2B3B /* Frameworks */ = {
			isa = PBXFrameworksBuildPhase;
			buildActionMask = 2147483647;
			files = (
			);
			runOnlyForDeploymentPostprocessing = 0;
		};
/* End PBXFrameworksBuildPhase section */

/* Begin PBXGroup section */
		F1AF15BE25D6C34C00FC2B3B = {
			isa = PBXGroup;
			children = (
				F1AF15C925D6C34C00FC2B3B /* LC_Position-large-groups */,
				F1AF15E025D6C34E00FC2B3B /* LC_Position-large-groupsTests */,
				F1AF15C825D6C34C00FC2B3B /* Products */,
			);
			sourceTree = "<group>";
		};
		F1AF15C825D6C34C00FC2B3B /* Products */ = {
			isa = PBXGroup;
			children = (
				F1AF15C725D6C34C00FC2B3B /* LC_Position-large-groups.app */,
				F1AF15DD25D6C34E00FC2B3B /* LC_Position-large-groupsTests.xctest */,
			);
			name = Products;
			sourceTree = "<group>";
		};
		F1AF15C925D6C34C00FC2B3B /* LC_Position-large-groups */ = {
			isa = PBXGroup;
			children = (
				F1AF15CA25D6C34C00FC2B3B /* AppDelegate.swift */,
				F1AF15CC25D6C34C00FC2B3B /* SceneDelegate.swift */,
				F1AF15CE25D6C34C00FC2B3B /* ViewController.swift */,
				F1AF15D025D6C34C00FC2B3B /* Main.storyboard */,
				F1AF15D325D6C34D00FC2B3B /* Assets.xcassets */,
				F1AF15D525D6C34D00FC2B3B /* LaunchScreen.storyboard */,
				F1AF15D825D6C34D00FC2B3B /* Info.plist */,
				F1AF160525D6C36D00FC2B3B /* Solution.swift */,
			);
			path = "LC_Position-large-groups";
			sourceTree = "<group>";
		};
		F1AF15E025D6C34E00FC2B3B /* LC_Position-large-groupsTests */ = {
			isa = PBXGroup;
			children = (
				F1AF15E325D6C34E00FC2B3B /* Info.plist */,
				F1AF15FF25D6C35E00FC2B3B /* SolutionTests.swift */,
			);
			path = "LC_Position-large-groupsTests";
			sourceTree = "<group>";
		};
/* End PBXGroup section */

/* Begin PBXNativeTarget section */
		F1AF15C625D6C34C00FC2B3B /* LC_Position-large-groups */ = {
			isa = PBXNativeTarget;
			buildConfigurationList = F1AF15F125D6C34E00FC2B3B /* Build configuration list for PBXNativeTarget "LC_Position-large-groups" */;
			buildPhases = (
				F1AF15C325D6C34C00FC2B3B /* Sources */,
				F1AF15C425D6C34C00FC2B3B /* Frameworks */,
				F1AF15C525D6C34C00FC2B3B /* Resources */,
			);
			buildRules = (
			);
			dependencies = (
			);
			name = "LC_Position-large-groups";
			productName = "LC_Position-large-groups";
			productReference = F1AF15C725D6C34C00FC2B3B /* LC_Position-large-groups.app */;
			productType = "com.apple.product-type.application";
		};
		F1AF15DC25D6C34E00FC2B3B /* LC_Position-large-groupsTests */ = {
			isa = PBXNativeTarget;
			buildConfigurationList = F1AF15F425D6C34E00FC2B3B /* Build configuration list for PBXNativeTarget "LC_Position-large-groupsTests" */;
			buildPhases = (
				F1AF15D925D6C34E00FC2B3B /* Sources */,
				F1AF15DA25D6C34E00FC2B3B /* Frameworks */,
				F1AF15DB25D6C34E00FC2B3B /* Resources */,
			);
			buildRules = (
			);
			dependencies = (
				F1AF15DF25D6C34E00FC2B3B /* PBXTargetDependency */,
			);
			name = "LC_Position-large-groupsTests";
			productName = "LC_Position-large-groupsTests";
			productReference = F1AF15DD25D6C34E00FC2B3B /* LC_Position-large-groupsTests.xctest */;
			productType = "com.apple.product-type.bundle.unit-test";
		};
/* End PBXNativeTarget section */

/* Begin PBXProject section */
		F1AF15BF25D6C34C00FC2B3B /* Project object */ = {
			isa = PBXProject;
			attributes = {
				LastSwiftUpdateCheck = 1230;
				LastUpgradeCheck = 1230;
				TargetAttributes = {
					F1AF15C625D6C34C00FC2B3B = {
						CreatedOnToolsVersion = 12.3;
					};
					F1AF15DC25D6C34E00FC2B3B = {
						CreatedOnToolsVersion = 12.3;
						TestTargetID = F1AF15C625D6C34C00FC2B3B;
					};
				};
			};
			buildConfigurationList = F1AF15C225D6C34C00FC2B3B /* Build configuration list for PBXProject "LC_Position-large-groups" */;
			compatibilityVersion = "Xcode 9.3";
			developmentRegion = en;
			hasScannedForEncodings = 0;
			knownRegions = (
				en,
				Base,
			);
			mainGroup = F1AF15BE25D6C34C00FC2B3B;
			productRefGroup = F1AF15C825D6C34C00FC2B3B /* Products */;
			projectDirPath = "";
			projectRoot = "";
			targets = (
				F1AF15C625D6C34C00FC2B3B /* LC_Position-large-groups */,
				F1AF15DC25D6C34E00FC2B3B /* LC_Position-large-groupsTests */,
			);
		};
/* End PBXProject section */

/* Begin PBXResourcesBuildPhase section */
		F1AF15C525D6C34C00FC2B3B /* Resources */ = {
			isa = PBXResourcesBuildPhase;
			buildActionMask = 2147483647;
			files = (
				F1AF15D725D6C34D00FC2B3B /* LaunchScreen.storyboard in Resources */,
				F1AF15D425D6C34D00FC2B3B /* Assets.xcassets in Resources */,
				F1AF15D225D6C34C00FC2B3B /* Main.storyboard in Resources */,
			);
			runOnlyForDeploymentPostprocessing = 0;
		};
		F1AF15DB25D6C34E00FC2B3B /* Resources */ = {
			isa = PBXResourcesBuildPhase;
			buildActionMask = 2147483647;
			files = (
			);
			runOnlyForDeploymentPostprocessing = 0;
		};
/* End PBXResourcesBuildPhase section */

/* Begin PBXSourcesBuildPhase section */
		F1AF15C325D6C34C00FC2B3B /* Sources */ = {
			isa = PBXSourcesBuildPhase;
			buildActionMask = 2147483647;
			files = (
				F1AF15CF25D6C34C00FC2B3B /* ViewController.swift in Sources */,
				F1AF15CB25D6C34C00FC2B3B /* AppDelegate.swift in Sources */,
				F1AF160625D6C36D00FC2B3B /* Solution.swift in Sources */,
				F1AF15CD25D6C34C00FC2B3B /* SceneDelegate.swift in Sources */,
			);
			runOnlyForDeploymentPostprocessing = 0;
		};
		F1AF15D925D6C34E00FC2B3B /* Sources */ = {
			isa = PBXSourcesBuildPhase;
			buildActionMask = 2147483647;
			files = (
				F1AF160025D6C35E00FC2B3B /* SolutionTests.swift in Sources */,
			);
			runOnlyForDeploymentPostprocessing = 0;
		};
/* End PBXSourcesBuildPhase section */

/* Begin PBXTargetDependency section */
		F1AF15DF25D6C34E00FC2B3B /* PBXTargetDependency */ = {
			isa = PBXTargetDependency;
			target = F1AF15C625D6C34C00FC2B3B /* LC_Position-large-groups */;
			targetProxy = F1AF15DE25D6C34E00FC2B3B /* PBXContainerItemProxy */;
		};
/* End PBXTargetDependency section */

/* Begin PBXVariantGroup section */
		F1AF15D025D6C34C00FC2B3B /* Main.storyboard */ = {
			isa = PBXVariantGroup;
			children = (
				F1AF15D125D6C34C00FC2B3B /* Base */,
			);
			name = Main.storyboard;
			sourceTree = "<group>";
		};
		F1AF15D525D6C34D00FC2B3B /* LaunchScreen.storyboard */ = {
			isa = PBXVariantGroup;
			children = (
				F1AF15D625D6C34D00FC2B3B /* Base */,
			);
			name = LaunchScreen.storyboard;
			sourceTree = "<group>";
		};
/* End PBXVariantGroup section */

/* Begin XCBuildConfiguration section */
		F1AF15EF25D6C34E00FC2B3B /* Debug */ = {
			isa = XCBuildConfiguration;
			buildSettings = {
				ALWAYS_SEARCH_USER_PATHS = NO;
				CLANG_ANALYZER_NONNULL = YES;
				CLANG_ANALYZER_NUMBER_OBJECT_CONVERSION = YES_AGGRESSIVE;
				CLANG_CXX_LANGUAGE_STANDARD = "gnu++14";
				CLANG_CXX_LIBRARY = "libc++";
				CLANG_ENABLE_MODULES = YES;
				CLANG_ENABLE_OBJC_ARC = YES;
				CLANG_ENABLE_OBJC_WEAK = YES;
				CLANG_WARN_BLOCK_CAPTURE_AUTORELEASING = YES;
				CLANG_WARN_BOOL_CONVERSION = YES;
				CLANG_WARN_COMMA = YES;
				CLANG_WARN_CONSTANT_CONVERSION = YES;
				CLANG_WARN_DEPRECATED_OBJC_IMPLEMENTATIONS = YES;
				CLANG_WARN_DIRECT_OBJC_ISA_USAGE = YES_ERROR;
				CLANG_WARN_DOCUMENTATION_COMMENTS = YES;
				CLANG_WARN_EMPTY_BODY = YES;
				CLANG_WARN_ENUM_CONVERSION = YES;
				CLANG_WARN_INFINITE_RECURSION = YES;
				CLANG_WARN_INT_CONVERSION = YES;
				CLANG_WARN_NON_LITERAL_NULL_CONVERSION = YES;
				CLANG_WARN_OBJC_IMPLICIT_RETAIN_SELF = YES;
				CLANG_WARN_OBJC_LITERAL_CONVERSION = YES;
				CLANG_WARN_OBJC_ROOT_CLASS = YES_ERROR;
				CLANG_WARN_QUOTED_INCLUDE_IN_FRAMEWORK_HEADER = YES;
				CLANG_WARN_RANGE_LOOP_ANALYSIS = YES;
				CLANG_WARN_STRICT_PROTOTYPES = YES;
				CLANG_WARN_SUSPICIOUS_MOVE = YES;
				CLANG_WARN_UNGUARDED_AVAILABILITY = YES_AGGRESSIVE;
				CLANG_WARN_UNREACHABLE_CODE = YES;
				CLANG_WARN__DUPLICATE_METHOD_MATCH = YES;
				COPY_PHASE_STRIP = NO;
				DEBUG_INFORMATION_FORMAT = dwarf;
				ENABLE_STRICT_OBJC_MSGSEND = YES;
				ENABLE_TESTABILITY = YES;
				GCC_C_LANGUAGE_STANDARD = gnu11;
				GCC_DYNAMIC_NO_PIC = NO;
				GCC_NO_COMMON_BLOCKS = YES;
				GCC_OPTIMIZATION_LEVEL = 0;
				GCC_PREPROCESSOR_DEFINITIONS = (
					"DEBUG=1",
					"$(inherited)",
				);
				GCC_WARN_64_TO_32_BIT_CONVERSION = YES;
				GCC_WARN_ABOUT_RETURN_TYPE = YES_ERROR;
				GCC_WARN_UNDECLARED_SELECTOR = YES;
				GCC_WARN_UNINITIALIZED_AUTOS = YES_AGGRESSIVE;
				GCC_WARN_UNUSED_FUNCTION = YES;
				GCC_WARN_UNUSED_VARIABLE = YES;
				IPHONEOS_DEPLOYMENT_TARGET = 14.3;
				MTL_ENABLE_DEBUG_INFO = INCLUDE_SOURCE;
				MTL_FAST_MATH = YES;
				ONLY_ACTIVE_ARCH = YES;
				SDKROOT = iphoneos;
				SWIFT_ACTIVE_COMPILATION_CONDITIONS = DEBUG;
				SWIFT_OPTIMIZATION_LEVEL = "-Onone";
			};
			name = Debug;
		};
		F1AF15F025D6C34E00FC2B3B /* Release */ = {
			isa = XCBuildConfiguration;
			buildSettings = {
				ALWAYS_SEARCH_USER_PATHS = NO;
				CLANG_ANALYZER_NONNULL = YES;
				CLANG_ANALYZER_NUMBER_OBJECT_CONVERSION = YES_AGGRESSIVE;
				CLANG_CXX_LANGUAGE_STANDARD = "gnu++14";
				CLANG_CXX_LIBRARY = "libc++";
				CLANG_ENABLE_MODULES = YES;
				CLANG_ENABLE_OBJC_ARC = YES;
				CLANG_ENABLE_OBJC_WEAK = YES;
				CLANG_WARN_BLOCK_CAPTURE_AUTORELEASING = YES;
				CLANG_WARN_BOOL_CONVERSION = YES;
				CLANG_WARN_COMMA = YES;
				CLANG_WARN_CONSTANT_CONVERSION = YES;
				CLANG_WARN_DEPRECATED_OBJC_IMPLEMENTATIONS = YES;
				CLANG_WARN_DIRECT_OBJC_ISA_USAGE = YES_ERROR;
				CLANG_WARN_DOCUMENTATION_COMMENTS = YES;
				CLANG_WARN_EMPTY_BODY = YES;
				CLANG_WARN_ENUM_CONVERSION = YES;
				CLANG_WARN_INFINITE_RECURSION = YES;
				CLANG_WARN_INT_CONVERSION = YES;
				CLANG_WARN_NON_LITERAL_NULL_CONVERSION = YES;
				CLANG_WARN_OBJC_IMPLICIT_RETAIN_SELF = YES;
				CLANG_WARN_OBJC_LITERAL_CONVERSION = YES;
				CLANG_WARN_OBJC_ROOT_CLASS = YES_ERROR;
				CLANG_WARN_QUOTED_INCLUDE_IN_FRAMEWORK_HEADER = YES;
				CLANG_WARN_RANGE_LOOP_ANALYSIS = YES;
				CLANG_WARN_STRICT_PROTOTYPES = YES;
				CLANG_WARN_SUSPICIOUS_MOVE = YES;
				CLANG_WARN_UNGUARDED_AVAILABILITY = YES_AGGRESSIVE;
				CLANG_WARN_UNREACHABLE_CODE = YES;
				CLANG_WARN__DUPLICATE_METHOD_MATCH = YES;
				COPY_PHASE_STRIP = NO;
				DEBUG_INFORMATION_FORMAT = "dwarf-with-dsym";
				ENABLE_NS_ASSERTIONS = NO;
				ENABLE_STRICT_OBJC_MSGSEND = YES;
				GCC_C_LANGUAGE_STANDARD = gnu11;
				GCC_NO_COMMON_BLOCKS = YES;
				GCC_WARN_64_TO_32_BIT_CONVERSION = YES;
				GCC_WARN_ABOUT_RETURN_TYPE = YES_ERROR;
				GCC_WARN_UNDECLARED_SELECTOR = YES;
				GCC_WARN_UNINITIALIZED_AUTOS = YES_AGGRESSIVE;
				GCC_WARN_UNUSED_FUNCTION = YES;
				GCC_WARN_UNUSED_VARIABLE = YES;
				IPHONEOS_DEPLOYMENT_TARGET = 14.3;
				MTL_ENABLE_DEBUG_INFO = NO;
				MTL_FAST_MATH = YES;
				SDKROOT = iphoneos;
				SWIFT_COMPILATION_MODE = wholemodule;
				SWIFT_OPTIMIZATION_LEVEL = "-O";
				VALIDATE_PRODUCT = YES;
			};
			name = Release;
		};
		F1AF15F225D6C34E00FC2B3B /* Debug */ = {
			isa = XCBuildConfiguration;
			buildSettings = {
				ASSETCATALOG_COMPILER_APPICON_NAME = AppIcon;
				ASSETCATALOG_COMPILER_GLOBAL_ACCENT_COLOR_NAME = AccentColor;
				CODE_SIGN_STYLE = Automatic;
				INFOPLIST_FILE = "LC_Position-large-groups/Info.plist";
				LD_RUNPATH_SEARCH_PATHS = (
					"$(inherited)",
					"@executable_path/Frameworks",
				);
				PRODUCT_BUNDLE_IDENTIFIER = "diego.LC-Position-large-groups";
				PRODUCT_NAME = "$(TARGET_NAME)";
				SWIFT_VERSION = 5.0;
				TARGETED_DEVICE_FAMILY = "1,2";
			};
			name = Debug;
		};
		F1AF15F325D6C34E00FC2B3B /* Release */ = {
			isa = XCBuildConfiguration;
			buildSettings = {
				ASSETCATALOG_COMPILER_APPICON_NAME = AppIcon;
				ASSETCATALOG_COMPILER_GLOBAL_ACCENT_COLOR_NAME = AccentColor;
				CODE_SIGN_STYLE = Automatic;
				INFOPLIST_FILE = "LC_Position-large-groups/Info.plist";
				LD_RUNPATH_SEARCH_PATHS = (
					"$(inherited)",
					"@executable_path/Frameworks",
				);
				PRODUCT_BUNDLE_IDENTIFIER = "diego.LC-Position-large-groups";
				PRODUCT_NAME = "$(TARGET_NAME)";
				SWIFT_VERSION = 5.0;
				TARGETED_DEVICE_FAMILY = "1,2";
			};
			name = Release;
		};
		F1AF15F525D6C34E00FC2B3B /* Debug */ = {
			isa = XCBuildConfiguration;
			buildSettings = {
				ALWAYS_EMBED_SWIFT_STANDARD_LIBRARIES = YES;
				BUNDLE_LOADER = "$(TEST_HOST)";
				CODE_SIGN_STYLE = Automatic;
				INFOPLIST_FILE = "LC_Position-large-groupsTests/Info.plist";
				IPHONEOS_DEPLOYMENT_TARGET = 14.3;
				LD_RUNPATH_SEARCH_PATHS = (
					"$(inherited)",
					"@executable_path/Frameworks",
					"@loader_path/Frameworks",
				);
				PRODUCT_BUNDLE_IDENTIFIER = "diego.LC-Position-large-groupsTests";
				PRODUCT_NAME = "$(TARGET_NAME)";
				SWIFT_VERSION = 5.0;
				TARGETED_DEVICE_FAMILY = "1,2";
				TEST_HOST = "$(BUILT_PRODUCTS_DIR)/LC_Position-large-groups.app/LC_Position-large-groups";
			};
			name = Debug;
		};
		F1AF15F625D6C34E00FC2B3B /* Release */ = {
			isa = XCBuildConfiguration;
			buildSettings = {
				ALWAYS_EMBED_SWIFT_STANDARD_LIBRARIES = YES;
				BUNDLE_LOADER = "$(TEST_HOST)";
				CODE_SIGN_STYLE = Automatic;
				INFOPLIST_FILE = "LC_Position-large-groupsTests/Info.plist";
				IPHONEOS_DEPLOYMENT_TARGET = 14.3;
				LD_RUNPATH_SEARCH_PATHS = (
					"$(inherited)",
					"@executable_path/Frameworks",
					"@loader_path/Frameworks",
				);
				PRODUCT_BUNDLE_IDENTIFIER = "diego.LC-Position-large-groupsTests";
				PRODUCT_NAME = "$(TARGET_NAME)";
				SWIFT_VERSION = 5.0;
				TARGETED_DEVICE_FAMILY = "1,2";
				TEST_HOST = "$(BUILT_PRODUCTS_DIR)/LC_Position-large-groups.app/LC_Position-large-groups";
			};
			name = Release;
		};
/* End XCBuildConfiguration section */

/* Begin XCConfigurationList section */
		F1AF15C225D6C34C00FC2B3B /* Build configuration list for PBXProject "LC_Position-large-groups" */ = {
			isa = XCConfigurationList;
			buildConfigurations = (
				F1AF15EF25D6C34E00FC2B3B /* Debug */,
				F1AF15F025D6C34E00FC2B3B /* Release */,
			);
			defaultConfigurationIsVisible = 0;
			defaultConfigurationName = Release;
		};
		F1AF15F125D6C34E00FC2B3B /* Build configuration list for PBXNativeTarget "LC_Position-large-groups" */ = {
			isa = XCConfigurationList;
			buildConfigurations = (
				F1AF15F225D6C34E00FC2B3B /* Debug */,
				F1AF15F325D6C34E00FC2B3B /* Release */,
			);
			defaultConfigurationIsVisible = 0;
			defaultConfigurationName = Release;
		};
		F1AF15F425D6C34E00FC2B3B /* Build configuration list for PBXNativeTarget "LC_Position-large-groupsTests" */ = {
			isa = XCConfigurationList;
			buildConfigurations = (
				F1AF15F525D6C34E00FC2B3B /* Debug */,
				F1AF15F625D6C34E00FC2B3B /* Release */,
			);
			defaultConfigurationIsVisible = 0;
			defaultConfigurationName = Release;
		};
/* End XCConfigurationList section */
	};
	rootObject = F1AF15BF25D6C34C00FC2B3B /* Project object */;
}
