// !$*UTF8*$!
{
	archiveVersion = 1;
	classes = {
	};
	objectVersion = 50;
	objects = {

/* Begin PBXBuildFile section */
		F19E7ACD25BDD03C00A852E4 /* AppDelegate.swift in Sources */ = {isa = PBXBuildFile; fileRef = F19E7ACC25BDD03C00A852E4 /* AppDelegate.swift */; };
		F19E7ACF25BDD03C00A852E4 /* SceneDelegate.swift in Sources */ = {isa = PBXBuildFile; fileRef = F19E7ACE25BDD03C00A852E4 /* SceneDelegate.swift */; };
		F19E7AD125BDD03C00A852E4 /* ViewController.swift in Sources */ = {isa = PBXBuildFile; fileRef = F19E7AD025BDD03C00A852E4 /* ViewController.swift */; };
		F19E7AD425BDD03C00A852E4 /* Main.storyboard in Resources */ = {isa = PBXBuildFile; fileRef = F19E7AD225BDD03C00A852E4 /* Main.storyboard */; };
		F19E7AD625BDD03E00A852E4 /* Assets.xcassets in Resources */ = {isa = PBXBuildFile; fileRef = F19E7AD525BDD03E00A852E4 /* Assets.xcassets */; };
		F19E7AD925BDD03E00A852E4 /* LaunchScreen.storyboard in Resources */ = {isa = PBXBuildFile; fileRef = F19E7AD725BDD03E00A852E4 /* LaunchScreen.storyboard */; };
		F19E7B0425BDD06800A852E4 /* Solution.swift in Sources */ = {isa = PBXBuildFile; fileRef = F19E7B0325BDD06800A852E4 /* Solution.swift */; };
		F19E7B0825BDD08700A852E4 /* SolutionTests.swift in Sources */ = {isa = PBXBuildFile; fileRef = F19E7B0725BDD08700A852E4 /* SolutionTests.swift */; };
/* End PBXBuildFile section */

/* Begin PBXContainerItemProxy section */
		F19E7AE025BDD03F00A852E4 /* PBXContainerItemProxy */ = {
			isa = PBXContainerItemProxy;
			containerPortal = F19E7AC125BDD03B00A852E4 /* Project object */;
			proxyType = 1;
			remoteGlobalIDString = F19E7AC825BDD03C00A852E4;
			remoteInfo = "LC_Defuse-the-bomb";
		};
/* End PBXContainerItemProxy section */

/* Begin PBXFileReference section */
		F19E7AC925BDD03C00A852E4 /* LC_Defuse-the-bomb.app */ = {isa = PBXFileReference; explicitFileType = wrapper.application; includeInIndex = 0; path = "LC_Defuse-the-bomb.app"; sourceTree = BUILT_PRODUCTS_DIR; };
		F19E7ACC25BDD03C00A852E4 /* AppDelegate.swift */ = {isa = PBXFileReference; lastKnownFileType = sourcecode.swift; path = AppDelegate.swift; sourceTree = "<group>"; };
		F19E7ACE25BDD03C00A852E4 /* SceneDelegate.swift */ = {isa = PBXFileReference; lastKnownFileType = sourcecode.swift; path = SceneDelegate.swift; sourceTree = "<group>"; };
		F19E7AD025BDD03C00A852E4 /* ViewController.swift */ = {isa = PBXFileReference; lastKnownFileType = sourcecode.swift; path = ViewController.swift; sourceTree = "<group>"; };
		F19E7AD325BDD03C00A852E4 /* Base */ = {isa = PBXFileReference; lastKnownFileType = file.storyboard; name = Base; path = Base.lproj/Main.storyboard; sourceTree = "<group>"; };
		F19E7AD525BDD03E00A852E4 /* Assets.xcassets */ = {isa = PBXFileReference; lastKnownFileType = folder.assetcatalog; path = Assets.xcassets; sourceTree = "<group>"; };
		F19E7AD825BDD03E00A852E4 /* Base */ = {isa = PBXFileReference; lastKnownFileType = file.storyboard; name = Base; path = Base.lproj/LaunchScreen.storyboard; sourceTree = "<group>"; };
		F19E7ADA25BDD03E00A852E4 /* Info.plist */ = {isa = PBXFileReference; lastKnownFileType = text.plist.xml; path = Info.plist; sourceTree = "<group>"; };
		F19E7ADF25BDD03F00A852E4 /* LC_Defuse-the-bombTests.xctest */ = {isa = PBXFileReference; explicitFileType = wrapper.cfbundle; includeInIndex = 0; path = "LC_Defuse-the-bombTests.xctest"; sourceTree = BUILT_PRODUCTS_DIR; };
		F19E7AE525BDD03F00A852E4 /* Info.plist */ = {isa = PBXFileReference; lastKnownFileType = text.plist.xml; path = Info.plist; sourceTree = "<group>"; };
		F19E7B0325BDD06800A852E4 /* Solution.swift */ = {isa = PBXFileReference; lastKnownFileType = sourcecode.swift; path = Solution.swift; sourceTree = "<group>"; };
		F19E7B0725BDD08700A852E4 /* SolutionTests.swift */ = {isa = PBXFileReference; lastKnownFileType = sourcecode.swift; path = SolutionTests.swift; sourceTree = "<group>"; };
/* End PBXFileReference section */

/* Begin PBXFrameworksBuildPhase section */
		F19E7AC625BDD03C00A852E4 /* Frameworks */ = {
			isa = PBXFrameworksBuildPhase;
			buildActionMask = 2147483647;
			files = (
			);
			runOnlyForDeploymentPostprocessing = 0;
		};
		F19E7ADC25BDD03F00A852E4 /* Frameworks */ = {
			isa = PBXFrameworksBuildPhase;
			buildActionMask = 2147483647;
			files = (
			);
			runOnlyForDeploymentPostprocessing = 0;
		};
/* End PBXFrameworksBuildPhase section */

/* Begin PBXGroup section */
		F19E7AC025BDD03B00A852E4 = {
			isa = PBXGroup;
			children = (
				F19E7ACB25BDD03C00A852E4 /* LC_Defuse-the-bomb */,
				F19E7AE225BDD03F00A852E4 /* LC_Defuse-the-bombTests */,
				F19E7ACA25BDD03C00A852E4 /* Products */,
			);
			sourceTree = "<group>";
		};
		F19E7ACA25BDD03C00A852E4 /* Products */ = {
			isa = PBXGroup;
			children = (
				F19E7AC925BDD03C00A852E4 /* LC_Defuse-the-bomb.app */,
				F19E7ADF25BDD03F00A852E4 /* LC_Defuse-the-bombTests.xctest */,
			);
			name = Products;
			sourceTree = "<group>";
		};
		F19E7ACB25BDD03C00A852E4 /* LC_Defuse-the-bomb */ = {
			isa = PBXGroup;
			children = (
				F19E7ACC25BDD03C00A852E4 /* AppDelegate.swift */,
				F19E7ACE25BDD03C00A852E4 /* SceneDelegate.swift */,
				F19E7AD025BDD03C00A852E4 /* ViewController.swift */,
				F19E7AD225BDD03C00A852E4 /* Main.storyboard */,
				F19E7AD525BDD03E00A852E4 /* Assets.xcassets */,
				F19E7AD725BDD03E00A852E4 /* LaunchScreen.storyboard */,
				F19E7ADA25BDD03E00A852E4 /* Info.plist */,
				F19E7B0325BDD06800A852E4 /* Solution.swift */,
			);
			path = "LC_Defuse-the-bomb";
			sourceTree = "<group>";
		};
		F19E7AE225BDD03F00A852E4 /* LC_Defuse-the-bombTests */ = {
			isa = PBXGroup;
			children = (
				F19E7AE525BDD03F00A852E4 /* Info.plist */,
				F19E7B0725BDD08700A852E4 /* SolutionTests.swift */,
			);
			path = "LC_Defuse-the-bombTests";
			sourceTree = "<group>";
		};
/* End PBXGroup section */

/* Begin PBXNativeTarget section */
		F19E7AC825BDD03C00A852E4 /* LC_Defuse-the-bomb */ = {
			isa = PBXNativeTarget;
			buildConfigurationList = F19E7AF325BDD03F00A852E4 /* Build configuration list for PBXNativeTarget "LC_Defuse-the-bomb" */;
			buildPhases = (
				F19E7AC525BDD03C00A852E4 /* Sources */,
				F19E7AC625BDD03C00A852E4 /* Frameworks */,
				F19E7AC725BDD03C00A852E4 /* Resources */,
			);
			buildRules = (
			);
			dependencies = (
			);
			name = "LC_Defuse-the-bomb";
			productName = "LC_Defuse-the-bomb";
			productReference = F19E7AC925BDD03C00A852E4 /* LC_Defuse-the-bomb.app */;
			productType = "com.apple.product-type.application";
		};
		F19E7ADE25BDD03F00A852E4 /* LC_Defuse-the-bombTests */ = {
			isa = PBXNativeTarget;
			buildConfigurationList = F19E7AF625BDD03F00A852E4 /* Build configuration list for PBXNativeTarget "LC_Defuse-the-bombTests" */;
			buildPhases = (
				F19E7ADB25BDD03F00A852E4 /* Sources */,
				F19E7ADC25BDD03F00A852E4 /* Frameworks */,
				F19E7ADD25BDD03F00A852E4 /* Resources */,
			);
			buildRules = (
			);
			dependencies = (
				F19E7AE125BDD03F00A852E4 /* PBXTargetDependency */,
			);
			name = "LC_Defuse-the-bombTests";
			productName = "LC_Defuse-the-bombTests";
			productReference = F19E7ADF25BDD03F00A852E4 /* LC_Defuse-the-bombTests.xctest */;
			productType = "com.apple.product-type.bundle.unit-test";
		};
/* End PBXNativeTarget section */

/* Begin PBXProject section */
		F19E7AC125BDD03B00A852E4 /* Project object */ = {
			isa = PBXProject;
			attributes = {
				LastSwiftUpdateCheck = 1230;
				LastUpgradeCheck = 1230;
				TargetAttributes = {
					F19E7AC825BDD03C00A852E4 = {
						CreatedOnToolsVersion = 12.3;
					};
					F19E7ADE25BDD03F00A852E4 = {
						CreatedOnToolsVersion = 12.3;
						LastSwiftMigration = 1230;
						TestTargetID = F19E7AC825BDD03C00A852E4;
					};
				};
			};
			buildConfigurationList = F19E7AC425BDD03B00A852E4 /* Build configuration list for PBXProject "LC_Defuse-the-bomb" */;
			compatibilityVersion = "Xcode 9.3";
			developmentRegion = en;
			hasScannedForEncodings = 0;
			knownRegions = (
				en,
				Base,
			);
			mainGroup = F19E7AC025BDD03B00A852E4;
			productRefGroup = F19E7ACA25BDD03C00A852E4 /* Products */;
			projectDirPath = "";
			projectRoot = "";
			targets = (
				F19E7AC825BDD03C00A852E4 /* LC_Defuse-the-bomb */,
				F19E7ADE25BDD03F00A852E4 /* LC_Defuse-the-bombTests */,
			);
		};
/* End PBXProject section */

/* Begin PBXResourcesBuildPhase section */
		F19E7AC725BDD03C00A852E4 /* Resources */ = {
			isa = PBXResourcesBuildPhase;
			buildActionMask = 2147483647;
			files = (
				F19E7AD925BDD03E00A852E4 /* LaunchScreen.storyboard in Resources */,
				F19E7AD625BDD03E00A852E4 /* Assets.xcassets in Resources */,
				F19E7AD425BDD03C00A852E4 /* Main.storyboard in Resources */,
			);
			runOnlyForDeploymentPostprocessing = 0;
		};
		F19E7ADD25BDD03F00A852E4 /* Resources */ = {
			isa = PBXResourcesBuildPhase;
			buildActionMask = 2147483647;
			files = (
			);
			runOnlyForDeploymentPostprocessing = 0;
		};
/* End PBXResourcesBuildPhase section */

/* Begin PBXSourcesBuildPhase section */
		F19E7AC525BDD03C00A852E4 /* Sources */ = {
			isa = PBXSourcesBuildPhase;
			buildActionMask = 2147483647;
			files = (
				F19E7AD125BDD03C00A852E4 /* ViewController.swift in Sources */,
				F19E7ACD25BDD03C00A852E4 /* AppDelegate.swift in Sources */,
				F19E7B0425BDD06800A852E4 /* Solution.swift in Sources */,
				F19E7ACF25BDD03C00A852E4 /* SceneDelegate.swift in Sources */,
			);
			runOnlyForDeploymentPostprocessing = 0;
		};
		F19E7ADB25BDD03F00A852E4 /* Sources */ = {
			isa = PBXSourcesBuildPhase;
			buildActionMask = 2147483647;
			files = (
				F19E7B0825BDD08700A852E4 /* SolutionTests.swift in Sources */,
			);
			runOnlyForDeploymentPostprocessing = 0;
		};
/* End PBXSourcesBuildPhase section */

/* Begin PBXTargetDependency section */
		F19E7AE125BDD03F00A852E4 /* PBXTargetDependency */ = {
			isa = PBXTargetDependency;
			target = F19E7AC825BDD03C00A852E4 /* LC_Defuse-the-bomb */;
			targetProxy = F19E7AE025BDD03F00A852E4 /* PBXContainerItemProxy */;
		};
/* End PBXTargetDependency section */

/* Begin PBXVariantGroup section */
		F19E7AD225BDD03C00A852E4 /* Main.storyboard */ = {
			isa = PBXVariantGroup;
			children = (
				F19E7AD325BDD03C00A852E4 /* Base */,
			);
			name = Main.storyboard;
			sourceTree = "<group>";
		};
		F19E7AD725BDD03E00A852E4 /* LaunchScreen.storyboard */ = {
			isa = PBXVariantGroup;
			children = (
				F19E7AD825BDD03E00A852E4 /* Base */,
			);
			name = LaunchScreen.storyboard;
			sourceTree = "<group>";
		};
/* End PBXVariantGroup section */

/* Begin XCBuildConfiguration section */
		F19E7AF125BDD03F00A852E4 /* Debug */ = {
			isa = XCBuildConfiguration;
			buildSettings = {
				ALWAYS_SEARCH_USER_PATHS = NO;
				CLANG_ANALYZER_NONNULL = YES;
				CLANG_ANALYZER_NUMBER_OBJECT_CONVERSION = YES_AGGRESSIVE;
				CLANG_CXX_LANGUAGE_STANDARD = "gnu++14";
				CLANG_CXX_LIBRARY = "libc++";
				CLANG_ENABLE_MODULES = YES;
				CLANG_ENABLE_OBJC_ARC = YES;
				CLANG_ENABLE_OBJC_WEAK = YES;
				CLANG_WARN_BLOCK_CAPTURE_AUTORELEASING = YES;
				CLANG_WARN_BOOL_CONVERSION = YES;
				CLANG_WARN_COMMA = YES;
				CLANG_WARN_CONSTANT_CONVERSION = YES;
				CLANG_WARN_DEPRECATED_OBJC_IMPLEMENTATIONS = YES;
				CLANG_WARN_DIRECT_OBJC_ISA_USAGE = YES_ERROR;
				CLANG_WARN_DOCUMENTATION_COMMENTS = YES;
				CLANG_WARN_EMPTY_BODY = YES;
				CLANG_WARN_ENUM_CONVERSION = YES;
				CLANG_WARN_INFINITE_RECURSION = YES;
				CLANG_WARN_INT_CONVERSION = YES;
				CLANG_WARN_NON_LITERAL_NULL_CONVERSION = YES;
				CLANG_WARN_OBJC_IMPLICIT_RETAIN_SELF = YES;
				CLANG_WARN_OBJC_LITERAL_CONVERSION = YES;
				CLANG_WARN_OBJC_ROOT_CLASS = YES_ERROR;
				CLANG_WARN_QUOTED_INCLUDE_IN_FRAMEWORK_HEADER = YES;
				CLANG_WARN_RANGE_LOOP_ANALYSIS = YES;
				CLANG_WARN_STRICT_PROTOTYPES = YES;
				CLANG_WARN_SUSPICIOUS_MOVE = YES;
				CLANG_WARN_UNGUARDED_AVAILABILITY = YES_AGGRESSIVE;
				CLANG_WARN_UNREACHABLE_CODE = YES;
				CLANG_WARN__DUPLICATE_METHOD_MATCH = YES;
				COPY_PHASE_STRIP = NO;
				DEBUG_INFORMATION_FORMAT = dwarf;
				ENABLE_STRICT_OBJC_MSGSEND = YES;
				ENABLE_TESTABILITY = YES;
				GCC_C_LANGUAGE_STANDARD = gnu11;
				GCC_DYNAMIC_NO_PIC = NO;
				GCC_NO_COMMON_BLOCKS = YES;
				GCC_OPTIMIZATION_LEVEL = 0;
				GCC_PREPROCESSOR_DEFINITIONS = (
					"DEBUG=1",
					"$(inherited)",
				);
				GCC_WARN_64_TO_32_BIT_CONVERSION = YES;
				GCC_WARN_ABOUT_RETURN_TYPE = YES_ERROR;
				GCC_WARN_UNDECLARED_SELECTOR = YES;
				GCC_WARN_UNINITIALIZED_AUTOS = YES_AGGRESSIVE;
				GCC_WARN_UNUSED_FUNCTION = YES;
				GCC_WARN_UNUSED_VARIABLE = YES;
				IPHONEOS_DEPLOYMENT_TARGET = 14.3;
				MTL_ENABLE_DEBUG_INFO = INCLUDE_SOURCE;
				MTL_FAST_MATH = YES;
				ONLY_ACTIVE_ARCH = YES;
				SDKROOT = iphoneos;
				SWIFT_ACTIVE_COMPILATION_CONDITIONS = DEBUG;
				SWIFT_OPTIMIZATION_LEVEL = "-Onone";
			};
			name = Debug;
		};
		F19E7AF225BDD03F00A852E4 /* Release */ = {
			isa = XCBuildConfiguration;
			buildSettings = {
				ALWAYS_SEARCH_USER_PATHS = NO;
				CLANG_ANALYZER_NONNULL = YES;
				CLANG_ANALYZER_NUMBER_OBJECT_CONVERSION = YES_AGGRESSIVE;
				CLANG_CXX_LANGUAGE_STANDARD = "gnu++14";
				CLANG_CXX_LIBRARY = "libc++";
				CLANG_ENABLE_MODULES = YES;
				CLANG_ENABLE_OBJC_ARC = YES;
				CLANG_ENABLE_OBJC_WEAK = YES;
				CLANG_WARN_BLOCK_CAPTURE_AUTORELEASING = YES;
				CLANG_WARN_BOOL_CONVERSION = YES;
				CLANG_WARN_COMMA = YES;
				CLANG_WARN_CONSTANT_CONVERSION = YES;
				CLANG_WARN_DEPRECATED_OBJC_IMPLEMENTATIONS = YES;
				CLANG_WARN_DIRECT_OBJC_ISA_USAGE = YES_ERROR;
				CLANG_WARN_DOCUMENTATION_COMMENTS = YES;
				CLANG_WARN_EMPTY_BODY = YES;
				CLANG_WARN_ENUM_CONVERSION = YES;
				CLANG_WARN_INFINITE_RECURSION = YES;
				CLANG_WARN_INT_CONVERSION = YES;
				CLANG_WARN_NON_LITERAL_NULL_CONVERSION = YES;
				CLANG_WARN_OBJC_IMPLICIT_RETAIN_SELF = YES;
				CLANG_WARN_OBJC_LITERAL_CONVERSION = YES;
				CLANG_WARN_OBJC_ROOT_CLASS = YES_ERROR;
				CLANG_WARN_QUOTED_INCLUDE_IN_FRAMEWORK_HEADER = YES;
				CLANG_WARN_RANGE_LOOP_ANALYSIS = YES;
				CLANG_WARN_STRICT_PROTOTYPES = YES;
				CLANG_WARN_SUSPICIOUS_MOVE = YES;
				CLANG_WARN_UNGUARDED_AVAILABILITY = YES_AGGRESSIVE;
				CLANG_WARN_UNREACHABLE_CODE = YES;
				CLANG_WARN__DUPLICATE_METHOD_MATCH = YES;
				COPY_PHASE_STRIP = NO;
				DEBUG_INFORMATION_FORMAT = "dwarf-with-dsym";
				ENABLE_NS_ASSERTIONS = NO;
				ENABLE_STRICT_OBJC_MSGSEND = YES;
				GCC_C_LANGUAGE_STANDARD = gnu11;
				GCC_NO_COMMON_BLOCKS = YES;
				GCC_WARN_64_TO_32_BIT_CONVERSION = YES;
				GCC_WARN_ABOUT_RETURN_TYPE = YES_ERROR;
				GCC_WARN_UNDECLARED_SELECTOR = YES;
				GCC_WARN_UNINITIALIZED_AUTOS = YES_AGGRESSIVE;
				GCC_WARN_UNUSED_FUNCTION = YES;
				GCC_WARN_UNUSED_VARIABLE = YES;
				IPHONEOS_DEPLOYMENT_TARGET = 14.3;
				MTL_ENABLE_DEBUG_INFO = NO;
				MTL_FAST_MATH = YES;
				SDKROOT = iphoneos;
				SWIFT_COMPILATION_MODE = wholemodule;
				SWIFT_OPTIMIZATION_LEVEL = "-O";
				VALIDATE_PRODUCT = YES;
			};
			name = Release;
		};
		F19E7AF425BDD03F00A852E4 /* Debug */ = {
			isa = XCBuildConfiguration;
			buildSettings = {
				ASSETCATALOG_COMPILER_APPICON_NAME = AppIcon;
				ASSETCATALOG_COMPILER_GLOBAL_ACCENT_COLOR_NAME = AccentColor;
				CODE_SIGN_STYLE = Automatic;
				INFOPLIST_FILE = "LC_Defuse-the-bomb/Info.plist";
				LD_RUNPATH_SEARCH_PATHS = (
					"$(inherited)",
					"@executable_path/Frameworks",
				);
				PRODUCT_BUNDLE_IDENTIFIER = "diego.LC-Defuse-the-bomb";
				PRODUCT_NAME = "$(TARGET_NAME)";
				SWIFT_VERSION = 5.0;
				TARGETED_DEVICE_FAMILY = "1,2";
			};
			name = Debug;
		};
		F19E7AF525BDD03F00A852E4 /* Release */ = {
			isa = XCBuildConfiguration;
			buildSettings = {
				ASSETCATALOG_COMPILER_APPICON_NAME = AppIcon;
				ASSETCATALOG_COMPILER_GLOBAL_ACCENT_COLOR_NAME = AccentColor;
				CODE_SIGN_STYLE = Automatic;
				INFOPLIST_FILE = "LC_Defuse-the-bomb/Info.plist";
				LD_RUNPATH_SEARCH_PATHS = (
					"$(inherited)",
					"@executable_path/Frameworks",
				);
				PRODUCT_BUNDLE_IDENTIFIER = "diego.LC-Defuse-the-bomb";
				PRODUCT_NAME = "$(TARGET_NAME)";
				SWIFT_VERSION = 5.0;
				TARGETED_DEVICE_FAMILY = "1,2";
			};
			name = Release;
		};
		F19E7AF725BDD03F00A852E4 /* Debug */ = {
			isa = XCBuildConfiguration;
			buildSettings = {
				ALWAYS_EMBED_SWIFT_STANDARD_LIBRARIES = YES;
				BUNDLE_LOADER = "$(TEST_HOST)";
				CLANG_ENABLE_MODULES = YES;
				CODE_SIGN_STYLE = Automatic;
				INFOPLIST_FILE = "LC_Defuse-the-bombTests/Info.plist";
				IPHONEOS_DEPLOYMENT_TARGET = 14.3;
				LD_RUNPATH_SEARCH_PATHS = (
					"$(inherited)",
					"@executable_path/Frameworks",
					"@loader_path/Frameworks",
				);
				PRODUCT_BUNDLE_IDENTIFIER = "diego.LC-Defuse-the-bombTests";
				PRODUCT_NAME = "$(TARGET_NAME)";
				SWIFT_OPTIMIZATION_LEVEL = "-Onone";
				SWIFT_VERSION = 5.0;
				TARGETED_DEVICE_FAMILY = "1,2";
				TEST_HOST = "$(BUILT_PRODUCTS_DIR)/LC_Defuse-the-bomb.app/LC_Defuse-the-bomb";
			};
			name = Debug;
		};
		F19E7AF825BDD03F00A852E4 /* Release */ = {
			isa = XCBuildConfiguration;
			buildSettings = {
				ALWAYS_EMBED_SWIFT_STANDARD_LIBRARIES = YES;
				BUNDLE_LOADER = "$(TEST_HOST)";
				CLANG_ENABLE_MODULES = YES;
				CODE_SIGN_STYLE = Automatic;
				INFOPLIST_FILE = "LC_Defuse-the-bombTests/Info.plist";
				IPHONEOS_DEPLOYMENT_TARGET = 14.3;
				LD_RUNPATH_SEARCH_PATHS = (
					"$(inherited)",
					"@executable_path/Frameworks",
					"@loader_path/Frameworks",
				);
				PRODUCT_BUNDLE_IDENTIFIER = "diego.LC-Defuse-the-bombTests";
				PRODUCT_NAME = "$(TARGET_NAME)";
				SWIFT_VERSION = 5.0;
				TARGETED_DEVICE_FAMILY = "1,2";
				TEST_HOST = "$(BUILT_PRODUCTS_DIR)/LC_Defuse-the-bomb.app/LC_Defuse-the-bomb";
			};
			name = Release;
		};
/* End XCBuildConfiguration section */

/* Begin XCConfigurationList section */
		F19E7AC425BDD03B00A852E4 /* Build configuration list for PBXProject "LC_Defuse-the-bomb" */ = {
			isa = XCConfigurationList;
			buildConfigurations = (
				F19E7AF125BDD03F00A852E4 /* Debug */,
				F19E7AF225BDD03F00A852E4 /* Release */,
			);
			defaultConfigurationIsVisible = 0;
			defaultConfigurationName = Release;
		};
		F19E7AF325BDD03F00A852E4 /* Build configuration list for PBXNativeTarget "LC_Defuse-the-bomb" */ = {
			isa = XCConfigurationList;
			buildConfigurations = (
				F19E7AF425BDD03F00A852E4 /* Debug */,
				F19E7AF525BDD03F00A852E4 /* Release */,
			);
			defaultConfigurationIsVisible = 0;
			defaultConfigurationName = Release;
		};
		F19E7AF625BDD03F00A852E4 /* Build configuration list for PBXNativeTarget "LC_Defuse-the-bombTests" */ = {
			isa = XCConfigurationList;
			buildConfigurations = (
				F19E7AF725BDD03F00A852E4 /* Debug */,
				F19E7AF825BDD03F00A852E4 /* Release */,
			);
			defaultConfigurationIsVisible = 0;
			defaultConfigurationName = Release;
		};
/* End XCConfigurationList section */
	};
	rootObject = F19E7AC125BDD03B00A852E4 /* Project object */;
}
