// !$*UTF8*$!
{
	archiveVersion = 1;
	classes = {
	};
	objectVersion = 50;
	objects = {

/* Begin PBXBuildFile section */
		F14B1F632700A7E000C6091D /* main.swift in Sources */ = {isa = PBXBuildFile; fileRef = F14B1F622700A7E000C6091D /* main.swift */; };
		F14B1F792700A80400C6091D /* SolutionTests.swift in Sources */ = {isa = PBXBuildFile; fileRef = F14B1F782700A80400C6091D /* SolutionTests.swift */; };
		F14B1F7F2700A81200C6091D /* Solution.swift in Sources */ = {isa = PBXBuildFile; fileRef = F14B1F7E2700A81200C6091D /* Solution.swift */; };
		F14B1F822700A81600C6091D /* Solution.swift in Sources */ = {isa = PBXBuildFile; fileRef = F14B1F7E2700A81200C6091D /* Solution.swift */; };
/* End PBXBuildFile section */

/* Begin PBXCopyFilesBuildPhase section */
		F14B1F5D2700A7E000C6091D /* CopyFiles */ = {
			isa = PBXCopyFilesBuildPhase;
			buildActionMask = 2147483647;
			dstPath = /usr/share/man/man1/;
			dstSubfolderSpec = 0;
			files = (
			);
			runOnlyForDeploymentPostprocessing = 1;
		};
/* End PBXCopyFilesBuildPhase section */

/* Begin PBXFileReference section */
		F14B1F5F2700A7E000C6091D /* LC_Maximum-subarray */ = {isa = PBXFileReference; explicitFileType = "compiled.mach-o.executable"; includeInIndex = 0; path = "LC_Maximum-subarray"; sourceTree = BUILT_PRODUCTS_DIR; };
		F14B1F622700A7E000C6091D /* main.swift */ = {isa = PBXFileReference; lastKnownFileType = sourcecode.swift; path = main.swift; sourceTree = "<group>"; };
		F14B1F6E2700A7F800C6091D /* LC_Maximum-subarrayTests.xctest */ = {isa = PBXFileReference; explicitFileType = wrapper.cfbundle; includeInIndex = 0; path = "LC_Maximum-subarrayTests.xctest"; sourceTree = BUILT_PRODUCTS_DIR; };
		F14B1F722700A7F800C6091D /* Info.plist */ = {isa = PBXFileReference; lastKnownFileType = text.plist.xml; path = Info.plist; sourceTree = "<group>"; };
		F14B1F782700A80400C6091D /* SolutionTests.swift */ = {isa = PBXFileReference; lastKnownFileType = sourcecode.swift; path = SolutionTests.swift; sourceTree = "<group>"; };
		F14B1F7E2700A81200C6091D /* Solution.swift */ = {isa = PBXFileReference; lastKnownFileType = sourcecode.swift; path = Solution.swift; sourceTree = "<group>"; };
/* End PBXFileReference section */

/* Begin PBXFrameworksBuildPhase section */
		F14B1F5C2700A7E000C6091D /* Frameworks */ = {
			isa = PBXFrameworksBuildPhase;
			buildActionMask = 2147483647;
			files = (
			);
			runOnlyForDeploymentPostprocessing = 0;
		};
		F14B1F6B2700A7F800C6091D /* Frameworks */ = {
			isa = PBXFrameworksBuildPhase;
			buildActionMask = 2147483647;
			files = (
			);
			runOnlyForDeploymentPostprocessing = 0;
		};
/* End PBXFrameworksBuildPhase section */

/* Begin PBXGroup section */
		F14B1F562700A7E000C6091D = {
			isa = PBXGroup;
			children = (
				F14B1F612700A7E000C6091D /* LC_Maximum-subarray */,
				F14B1F6F2700A7F800C6091D /* LC_Maximum-subarrayTests */,
				F14B1F602700A7E000C6091D /* Products */,
			);
			sourceTree = "<group>";
		};
		F14B1F602700A7E000C6091D /* Products */ = {
			isa = PBXGroup;
			children = (
				F14B1F5F2700A7E000C6091D /* LC_Maximum-subarray */,
				F14B1F6E2700A7F800C6091D /* LC_Maximum-subarrayTests.xctest */,
			);
			name = Products;
			sourceTree = "<group>";
		};
		F14B1F612700A7E000C6091D /* LC_Maximum-subarray */ = {
			isa = PBXGroup;
			children = (
				F14B1F622700A7E000C6091D /* main.swift */,
				F14B1F7E2700A81200C6091D /* Solution.swift */,
			);
			path = "LC_Maximum-subarray";
			sourceTree = "<group>";
		};
		F14B1F6F2700A7F800C6091D /* LC_Maximum-subarrayTests */ = {
			isa = PBXGroup;
			children = (
				F14B1F722700A7F800C6091D /* Info.plist */,
				F14B1F782700A80400C6091D /* SolutionTests.swift */,
			);
			path = "LC_Maximum-subarrayTests";
			sourceTree = "<group>";
		};
/* End PBXGroup section */

/* Begin PBXNativeTarget section */
		F14B1F5E2700A7E000C6091D /* LC_Maximum-subarray */ = {
			isa = PBXNativeTarget;
			buildConfigurationList = F14B1F662700A7E100C6091D /* Build configuration list for PBXNativeTarget "LC_Maximum-subarray" */;
			buildPhases = (
				F14B1F5B2700A7E000C6091D /* Sources */,
				F14B1F5C2700A7E000C6091D /* Frameworks */,
				F14B1F5D2700A7E000C6091D /* CopyFiles */,
			);
			buildRules = (
			);
			dependencies = (
			);
			name = "LC_Maximum-subarray";
			productName = "LC_Maximum-subarray";
			productReference = F14B1F5F2700A7E000C6091D /* LC_Maximum-subarray */;
			productType = "com.apple.product-type.tool";
		};
		F14B1F6D2700A7F800C6091D /* LC_Maximum-subarrayTests */ = {
			isa = PBXNativeTarget;
			buildConfigurationList = F14B1F732700A7F800C6091D /* Build configuration list for PBXNativeTarget "LC_Maximum-subarrayTests" */;
			buildPhases = (
				F14B1F6A2700A7F800C6091D /* Sources */,
				F14B1F6B2700A7F800C6091D /* Frameworks */,
				F14B1F6C2700A7F800C6091D /* Resources */,
			);
			buildRules = (
			);
			dependencies = (
			);
			name = "LC_Maximum-subarrayTests";
			productName = "LC_Maximum-subarrayTests";
			productReference = F14B1F6E2700A7F800C6091D /* LC_Maximum-subarrayTests.xctest */;
			productType = "com.apple.product-type.bundle.unit-test";
		};
/* End PBXNativeTarget section */

/* Begin PBXProject section */
		F14B1F572700A7E000C6091D /* Project object */ = {
			isa = PBXProject;
			attributes = {
				LastSwiftUpdateCheck = 1230;
				LastUpgradeCheck = 1230;
				TargetAttributes = {
					F14B1F5E2700A7E000C6091D = {
						CreatedOnToolsVersion = 12.3;
					};
					F14B1F6D2700A7F800C6091D = {
						CreatedOnToolsVersion = 12.3;
					};
				};
			};
			buildConfigurationList = F14B1F5A2700A7E000C6091D /* Build configuration list for PBXProject "LC_Maximum-subarray" */;
			compatibilityVersion = "Xcode 9.3";
			developmentRegion = en;
			hasScannedForEncodings = 0;
			knownRegions = (
				en,
				Base,
			);
			mainGroup = F14B1F562700A7E000C6091D;
			productRefGroup = F14B1F602700A7E000C6091D /* Products */;
			projectDirPath = "";
			projectRoot = "";
			targets = (
				F14B1F5E2700A7E000C6091D /* LC_Maximum-subarray */,
				F14B1F6D2700A7F800C6091D /* LC_Maximum-subarrayTests */,
			);
		};
/* End PBXProject section */

/* Begin PBXResourcesBuildPhase section */
		F14B1F6C2700A7F800C6091D /* Resources */ = {
			isa = PBXResourcesBuildPhase;
			buildActionMask = 2147483647;
			files = (
			);
			runOnlyForDeploymentPostprocessing = 0;
		};
/* End PBXResourcesBuildPhase section */

/* Begin PBXSourcesBuildPhase section */
		F14B1F5B2700A7E000C6091D /* Sources */ = {
			isa = PBXSourcesBuildPhase;
			buildActionMask = 2147483647;
			files = (
				F14B1F7F2700A81200C6091D /* Solution.swift in Sources */,
				F14B1F632700A7E000C6091D /* main.swift in Sources */,
			);
			runOnlyForDeploymentPostprocessing = 0;
		};
		F14B1F6A2700A7F800C6091D /* Sources */ = {
			isa = PBXSourcesBuildPhase;
			buildActionMask = 2147483647;
			files = (
				F14B1F822700A81600C6091D /* Solution.swift in Sources */,
				F14B1F792700A80400C6091D /* SolutionTests.swift in Sources */,
			);
			runOnlyForDeploymentPostprocessing = 0;
		};
/* End PBXSourcesBuildPhase section */

/* Begin XCBuildConfiguration section */
		F14B1F642700A7E000C6091D /* Debug */ = {
			isa = XCBuildConfiguration;
			buildSettings = {
				ALWAYS_SEARCH_USER_PATHS = NO;
				CLANG_ANALYZER_NONNULL = YES;
				CLANG_ANALYZER_NUMBER_OBJECT_CONVERSION = YES_AGGRESSIVE;
				CLANG_CXX_LANGUAGE_STANDARD = "gnu++14";
				CLANG_CXX_LIBRARY = "libc++";
				CLANG_ENABLE_MODULES = YES;
				CLANG_ENABLE_OBJC_ARC = YES;
				CLANG_ENABLE_OBJC_WEAK = YES;
				CLANG_WARN_BLOCK_CAPTURE_AUTORELEASING = YES;
				CLANG_WARN_BOOL_CONVERSION = YES;
				CLANG_WARN_COMMA = YES;
				CLANG_WARN_CONSTANT_CONVERSION = YES;
				CLANG_WARN_DEPRECATED_OBJC_IMPLEMENTATIONS = YES;
				CLANG_WARN_DIRECT_OBJC_ISA_USAGE = YES_ERROR;
				CLANG_WARN_DOCUMENTATION_COMMENTS = YES;
				CLANG_WARN_EMPTY_BODY = YES;
				CLANG_WARN_ENUM_CONVERSION = YES;
				CLANG_WARN_INFINITE_RECURSION = YES;
				CLANG_WARN_INT_CONVERSION = YES;
				CLANG_WARN_NON_LITERAL_NULL_CONVERSION = YES;
				CLANG_WARN_OBJC_IMPLICIT_RETAIN_SELF = YES;
				CLANG_WARN_OBJC_LITERAL_CONVERSION = YES;
				CLANG_WARN_OBJC_ROOT_CLASS = YES_ERROR;
				CLANG_WARN_QUOTED_INCLUDE_IN_FRAMEWORK_HEADER = YES;
				CLANG_WARN_RANGE_LOOP_ANALYSIS = YES;
				CLANG_WARN_STRICT_PROTOTYPES = YES;
				CLANG_WARN_SUSPICIOUS_MOVE = YES;
				CLANG_WARN_UNGUARDED_AVAILABILITY = YES_AGGRESSIVE;
				CLANG_WARN_UNREACHABLE_CODE = YES;
				CLANG_WARN__DUPLICATE_METHOD_MATCH = YES;
				COPY_PHASE_STRIP = NO;
				DEBUG_INFORMATION_FORMAT = dwarf;
				ENABLE_STRICT_OBJC_MSGSEND = YES;
				ENABLE_TESTABILITY = YES;
				GCC_C_LANGUAGE_STANDARD = gnu11;
				GCC_DYNAMIC_NO_PIC = NO;
				GCC_NO_COMMON_BLOCKS = YES;
				GCC_OPTIMIZATION_LEVEL = 0;
				GCC_PREPROCESSOR_DEFINITIONS = (
					"DEBUG=1",
					"$(inherited)",
				);
				GCC_WARN_64_TO_32_BIT_CONVERSION = YES;
				GCC_WARN_ABOUT_RETURN_TYPE = YES_ERROR;
				GCC_WARN_UNDECLARED_SELECTOR = YES;
				GCC_WARN_UNINITIALIZED_AUTOS = YES_AGGRESSIVE;
				GCC_WARN_UNUSED_FUNCTION = YES;
				GCC_WARN_UNUSED_VARIABLE = YES;
				MACOSX_DEPLOYMENT_TARGET = 11.1;
				MTL_ENABLE_DEBUG_INFO = INCLUDE_SOURCE;
				MTL_FAST_MATH = YES;
				ONLY_ACTIVE_ARCH = YES;
				SDKROOT = macosx;
				SWIFT_ACTIVE_COMPILATION_CONDITIONS = DEBUG;
				SWIFT_OPTIMIZATION_LEVEL = "-Onone";
			};
			name = Debug;
		};
		F14B1F652700A7E000C6091D /* Release */ = {
			isa = XCBuildConfiguration;
			buildSettings = {
				ALWAYS_SEARCH_USER_PATHS = NO;
				CLANG_ANALYZER_NONNULL = YES;
				CLANG_ANALYZER_NUMBER_OBJECT_CONVERSION = YES_AGGRESSIVE;
				CLANG_CXX_LANGUAGE_STANDARD = "gnu++14";
				CLANG_CXX_LIBRARY = "libc++";
				CLANG_ENABLE_MODULES = YES;
				CLANG_ENABLE_OBJC_ARC = YES;
				CLANG_ENABLE_OBJC_WEAK = YES;
				CLANG_WARN_BLOCK_CAPTURE_AUTORELEASING = YES;
				CLANG_WARN_BOOL_CONVERSION = YES;
				CLANG_WARN_COMMA = YES;
				CLANG_WARN_CONSTANT_CONVERSION = YES;
				CLANG_WARN_DEPRECATED_OBJC_IMPLEMENTATIONS = YES;
				CLANG_WARN_DIRECT_OBJC_ISA_USAGE = YES_ERROR;
				CLANG_WARN_DOCUMENTATION_COMMENTS = YES;
				CLANG_WARN_EMPTY_BODY = YES;
				CLANG_WARN_ENUM_CONVERSION = YES;
				CLANG_WARN_INFINITE_RECURSION = YES;
				CLANG_WARN_INT_CONVERSION = YES;
				CLANG_WARN_NON_LITERAL_NULL_CONVERSION = YES;
				CLANG_WARN_OBJC_IMPLICIT_RETAIN_SELF = YES;
				CLANG_WARN_OBJC_LITERAL_CONVERSION = YES;
				CLANG_WARN_OBJC_ROOT_CLASS = YES_ERROR;
				CLANG_WARN_QUOTED_INCLUDE_IN_FRAMEWORK_HEADER = YES;
				CLANG_WARN_RANGE_LOOP_ANALYSIS = YES;
				CLANG_WARN_STRICT_PROTOTYPES = YES;
				CLANG_WARN_SUSPICIOUS_MOVE = YES;
				CLANG_WARN_UNGUARDED_AVAILABILITY = YES_AGGRESSIVE;
				CLANG_WARN_UNREACHABLE_CODE = YES;
				CLANG_WARN__DUPLICATE_METHOD_MATCH = YES;
				COPY_PHASE_STRIP = NO;
				DEBUG_INFORMATION_FORMAT = "dwarf-with-dsym";
				ENABLE_NS_ASSERTIONS = NO;
				ENABLE_STRICT_OBJC_MSGSEND = YES;
				GCC_C_LANGUAGE_STANDARD = gnu11;
				GCC_NO_COMMON_BLOCKS = YES;
				GCC_WARN_64_TO_32_BIT_CONVERSION = YES;
				GCC_WARN_ABOUT_RETURN_TYPE = YES_ERROR;
				GCC_WARN_UNDECLARED_SELECTOR = YES;
				GCC_WARN_UNINITIALIZED_AUTOS = YES_AGGRESSIVE;
				GCC_WARN_UNUSED_FUNCTION = YES;
				GCC_WARN_UNUSED_VARIABLE = YES;
				MACOSX_DEPLOYMENT_TARGET = 11.1;
				MTL_ENABLE_DEBUG_INFO = NO;
				MTL_FAST_MATH = YES;
				SDKROOT = macosx;
				SWIFT_COMPILATION_MODE = wholemodule;
				SWIFT_OPTIMIZATION_LEVEL = "-O";
			};
			name = Release;
		};
		F14B1F672700A7E100C6091D /* Debug */ = {
			isa = XCBuildConfiguration;
			buildSettings = {
				CODE_SIGN_STYLE = Automatic;
				PRODUCT_NAME = "$(TARGET_NAME)";
				SWIFT_VERSION = 5.0;
			};
			name = Debug;
		};
		F14B1F682700A7E100C6091D /* Release */ = {
			isa = XCBuildConfiguration;
			buildSettings = {
				CODE_SIGN_STYLE = Automatic;
				PRODUCT_NAME = "$(TARGET_NAME)";
				SWIFT_VERSION = 5.0;
			};
			name = Release;
		};
		F14B1F742700A7F800C6091D /* Debug */ = {
			isa = XCBuildConfiguration;
			buildSettings = {
				CODE_SIGN_STYLE = Automatic;
				COMBINE_HIDPI_IMAGES = YES;
				INFOPLIST_FILE = "LC_Maximum-subarrayTests/Info.plist";
				LD_RUNPATH_SEARCH_PATHS = (
					"$(inherited)",
					"@executable_path/../Frameworks",
					"@loader_path/../Frameworks",
				);
				PRODUCT_BUNDLE_IDENTIFIER = "diego.LC-Maximum-subarrayTests";
				PRODUCT_NAME = "$(TARGET_NAME)";
				SWIFT_VERSION = 5.0;
			};
			name = Debug;
		};
		F14B1F752700A7F800C6091D /* Release */ = {
			isa = XCBuildConfiguration;
			buildSettings = {
				CODE_SIGN_STYLE = Automatic;
				COMBINE_HIDPI_IMAGES = YES;
				INFOPLIST_FILE = "LC_Maximum-subarrayTests/Info.plist";
				LD_RUNPATH_SEARCH_PATHS = (
					"$(inherited)",
					"@executable_path/../Frameworks",
					"@loader_path/../Frameworks",
				);
				PRODUCT_BUNDLE_IDENTIFIER = "diego.LC-Maximum-subarrayTests";
				PRODUCT_NAME = "$(TARGET_NAME)";
				SWIFT_VERSION = 5.0;
			};
			name = Release;
		};
/* End XCBuildConfiguration section */

/* Begin XCConfigurationList section */
		F14B1F5A2700A7E000C6091D /* Build configuration list for PBXProject "LC_Maximum-subarray" */ = {
			isa = XCConfigurationList;
			buildConfigurations = (
				F14B1F642700A7E000C6091D /* Debug */,
				F14B1F652700A7E000C6091D /* Release */,
			);
			defaultConfigurationIsVisible = 0;
			defaultConfigurationName = Release;
		};
		F14B1F662700A7E100C6091D /* Build configuration list for PBXNativeTarget "LC_Maximum-subarray" */ = {
			isa = XCConfigurationList;
			buildConfigurations = (
				F14B1F672700A7E100C6091D /* Debug */,
				F14B1F682700A7E100C6091D /* Release */,
			);
			defaultConfigurationIsVisible = 0;
			defaultConfigurationName = Release;
		};
		F14B1F732700A7F800C6091D /* Build configuration list for PBXNativeTarget "LC_Maximum-subarrayTests" */ = {
			isa = XCConfigurationList;
			buildConfigurations = (
				F14B1F742700A7F800C6091D /* Debug */,
				F14B1F752700A7F800C6091D /* Release */,
			);
			defaultConfigurationIsVisible = 0;
			defaultConfigurationName = Release;
		};
/* End XCConfigurationList section */
	};
	rootObject = F14B1F572700A7E000C6091D /* Project object */;
}
