// !$*UTF8*$!
{
	archiveVersion = 1;
	classes = {
	};
	objectVersion = 50;
	objects = {

/* Begin PBXBuildFile section */
		F19E7A8225BDC6DD00A852E4 /* AppDelegate.swift in Sources */ = {isa = PBXBuildFile; fileRef = F19E7A8125BDC6DD00A852E4 /* AppDelegate.swift */; };
		F19E7A8425BDC6DD00A852E4 /* SceneDelegate.swift in Sources */ = {isa = PBXBuildFile; fileRef = F19E7A8325BDC6DD00A852E4 /* SceneDelegate.swift */; };
		F19E7A8625BDC6DD00A852E4 /* ViewController.swift in Sources */ = {isa = PBXBuildFile; fileRef = F19E7A8525BDC6DD00A852E4 /* ViewController.swift */; };
		F19E7A8925BDC6DD00A852E4 /* Main.storyboard in Resources */ = {isa = PBXBuildFile; fileRef = F19E7A8725BDC6DD00A852E4 /* Main.storyboard */; };
		F19E7A8B25BDC6E000A852E4 /* Assets.xcassets in Resources */ = {isa = PBXBuildFile; fileRef = F19E7A8A25BDC6E000A852E4 /* Assets.xcassets */; };
		F19E7A8E25BDC6E000A852E4 /* LaunchScreen.storyboard in Resources */ = {isa = PBXBuildFile; fileRef = F19E7A8C25BDC6E000A852E4 /* LaunchScreen.storyboard */; };
		F19E7AB925BDC6FC00A852E4 /* Solution.swift in Sources */ = {isa = PBXBuildFile; fileRef = F19E7AB825BDC6FC00A852E4 /* Solution.swift */; };
		F19E7ABD25BDC71C00A852E4 /* SolutionTests.swift in Sources */ = {isa = PBXBuildFile; fileRef = F19E7ABC25BDC71C00A852E4 /* SolutionTests.swift */; };
/* End PBXBuildFile section */

/* Begin PBXContainerItemProxy section */
		F19E7A9525BDC6E100A852E4 /* PBXContainerItemProxy */ = {
			isa = PBXContainerItemProxy;
			containerPortal = F19E7A7625BDC6DD00A852E4 /* Project object */;
			proxyType = 1;
			remoteGlobalIDString = F19E7A7D25BDC6DD00A852E4;
			remoteInfo = "LC_Prime-number-set-bits-binary-rep";
		};
/* End PBXContainerItemProxy section */

/* Begin PBXFileReference section */
		F19E7A7E25BDC6DD00A852E4 /* LC_Prime-number-set-bits-binary-rep.app */ = {isa = PBXFileReference; explicitFileType = wrapper.application; includeInIndex = 0; path = "LC_Prime-number-set-bits-binary-rep.app"; sourceTree = BUILT_PRODUCTS_DIR; };
		F19E7A8125BDC6DD00A852E4 /* AppDelegate.swift */ = {isa = PBXFileReference; lastKnownFileType = sourcecode.swift; path = AppDelegate.swift; sourceTree = "<group>"; };
		F19E7A8325BDC6DD00A852E4 /* SceneDelegate.swift */ = {isa = PBXFileReference; lastKnownFileType = sourcecode.swift; path = SceneDelegate.swift; sourceTree = "<group>"; };
		F19E7A8525BDC6DD00A852E4 /* ViewController.swift */ = {isa = PBXFileReference; lastKnownFileType = sourcecode.swift; path = ViewController.swift; sourceTree = "<group>"; };
		F19E7A8825BDC6DD00A852E4 /* Base */ = {isa = PBXFileReference; lastKnownFileType = file.storyboard; name = Base; path = Base.lproj/Main.storyboard; sourceTree = "<group>"; };
		F19E7A8A25BDC6E000A852E4 /* Assets.xcassets */ = {isa = PBXFileReference; lastKnownFileType = folder.assetcatalog; path = Assets.xcassets; sourceTree = "<group>"; };
		F19E7A8D25BDC6E000A852E4 /* Base */ = {isa = PBXFileReference; lastKnownFileType = file.storyboard; name = Base; path = Base.lproj/LaunchScreen.storyboard; sourceTree = "<group>"; };
		F19E7A8F25BDC6E100A852E4 /* Info.plist */ = {isa = PBXFileReference; lastKnownFileType = text.plist.xml; path = Info.plist; sourceTree = "<group>"; };
		F19E7A9425BDC6E100A852E4 /* LC_Prime-number-set-bits-binary-repTests.xctest */ = {isa = PBXFileReference; explicitFileType = wrapper.cfbundle; includeInIndex = 0; path = "LC_Prime-number-set-bits-binary-repTests.xctest"; sourceTree = BUILT_PRODUCTS_DIR; };
		F19E7A9A25BDC6E100A852E4 /* Info.plist */ = {isa = PBXFileReference; lastKnownFileType = text.plist.xml; path = Info.plist; sourceTree = "<group>"; };
		F19E7AB825BDC6FC00A852E4 /* Solution.swift */ = {isa = PBXFileReference; lastKnownFileType = sourcecode.swift; path = Solution.swift; sourceTree = "<group>"; };
		F19E7ABC25BDC71C00A852E4 /* SolutionTests.swift */ = {isa = PBXFileReference; lastKnownFileType = sourcecode.swift; path = SolutionTests.swift; sourceTree = "<group>"; };
/* End PBXFileReference section */

/* Begin PBXFrameworksBuildPhase section */
		F19E7A7B25BDC6DD00A852E4 /* Frameworks */ = {
			isa = PBXFrameworksBuildPhase;
			buildActionMask = 2147483647;
			files = (
			);
			runOnlyForDeploymentPostprocessing = 0;
		};
		F19E7A9125BDC6E100A852E4 /* Frameworks */ = {
			isa = PBXFrameworksBuildPhase;
			buildActionMask = 2147483647;
			files = (
			);
			runOnlyForDeploymentPostprocessing = 0;
		};
/* End PBXFrameworksBuildPhase section */

/* Begin PBXGroup section */
		F19E7A7525BDC6DD00A852E4 = {
			isa = PBXGroup;
			children = (
				F19E7A8025BDC6DD00A852E4 /* LC_Prime-number-set-bits-binary-rep */,
				F19E7A9725BDC6E100A852E4 /* LC_Prime-number-set-bits-binary-repTests */,
				F19E7A7F25BDC6DD00A852E4 /* Products */,
			);
			sourceTree = "<group>";
		};
		F19E7A7F25BDC6DD00A852E4 /* Products */ = {
			isa = PBXGroup;
			children = (
				F19E7A7E25BDC6DD00A852E4 /* LC_Prime-number-set-bits-binary-rep.app */,
				F19E7A9425BDC6E100A852E4 /* LC_Prime-number-set-bits-binary-repTests.xctest */,
			);
			name = Products;
			sourceTree = "<group>";
		};
		F19E7A8025BDC6DD00A852E4 /* LC_Prime-number-set-bits-binary-rep */ = {
			isa = PBXGroup;
			children = (
				F19E7A8125BDC6DD00A852E4 /* AppDelegate.swift */,
				F19E7A8325BDC6DD00A852E4 /* SceneDelegate.swift */,
				F19E7A8525BDC6DD00A852E4 /* ViewController.swift */,
				F19E7A8725BDC6DD00A852E4 /* Main.storyboard */,
				F19E7A8A25BDC6E000A852E4 /* Assets.xcassets */,
				F19E7A8C25BDC6E000A852E4 /* LaunchScreen.storyboard */,
				F19E7A8F25BDC6E100A852E4 /* Info.plist */,
				F19E7AB825BDC6FC00A852E4 /* Solution.swift */,
			);
			path = "LC_Prime-number-set-bits-binary-rep";
			sourceTree = "<group>";
		};
		F19E7A9725BDC6E100A852E4 /* LC_Prime-number-set-bits-binary-repTests */ = {
			isa = PBXGroup;
			children = (
				F19E7A9A25BDC6E100A852E4 /* Info.plist */,
				F19E7ABC25BDC71C00A852E4 /* SolutionTests.swift */,
			);
			path = "LC_Prime-number-set-bits-binary-repTests";
			sourceTree = "<group>";
		};
/* End PBXGroup section */

/* Begin PBXNativeTarget section */
		F19E7A7D25BDC6DD00A852E4 /* LC_Prime-number-set-bits-binary-rep */ = {
			isa = PBXNativeTarget;
			buildConfigurationList = F19E7AA825BDC6E100A852E4 /* Build configuration list for PBXNativeTarget "LC_Prime-number-set-bits-binary-rep" */;
			buildPhases = (
				F19E7A7A25BDC6DD00A852E4 /* Sources */,
				F19E7A7B25BDC6DD00A852E4 /* Frameworks */,
				F19E7A7C25BDC6DD00A852E4 /* Resources */,
			);
			buildRules = (
			);
			dependencies = (
			);
			name = "LC_Prime-number-set-bits-binary-rep";
			productName = "LC_Prime-number-set-bits-binary-rep";
			productReference = F19E7A7E25BDC6DD00A852E4 /* LC_Prime-number-set-bits-binary-rep.app */;
			productType = "com.apple.product-type.application";
		};
		F19E7A9325BDC6E100A852E4 /* LC_Prime-number-set-bits-binary-repTests */ = {
			isa = PBXNativeTarget;
			buildConfigurationList = F19E7AAB25BDC6E100A852E4 /* Build configuration list for PBXNativeTarget "LC_Prime-number-set-bits-binary-repTests" */;
			buildPhases = (
				F19E7A9025BDC6E100A852E4 /* Sources */,
				F19E7A9125BDC6E100A852E4 /* Frameworks */,
				F19E7A9225BDC6E100A852E4 /* Resources */,
			);
			buildRules = (
			);
			dependencies = (
				F19E7A9625BDC6E100A852E4 /* PBXTargetDependency */,
			);
			name = "LC_Prime-number-set-bits-binary-repTests";
			productName = "LC_Prime-number-set-bits-binary-repTests";
			productReference = F19E7A9425BDC6E100A852E4 /* LC_Prime-number-set-bits-binary-repTests.xctest */;
			productType = "com.apple.product-type.bundle.unit-test";
		};
/* End PBXNativeTarget section */

/* Begin PBXProject section */
		F19E7A7625BDC6DD00A852E4 /* Project object */ = {
			isa = PBXProject;
			attributes = {
				LastSwiftUpdateCheck = 1230;
				LastUpgradeCheck = 1230;
				TargetAttributes = {
					F19E7A7D25BDC6DD00A852E4 = {
						CreatedOnToolsVersion = 12.3;
					};
					F19E7A9325BDC6E100A852E4 = {
						CreatedOnToolsVersion = 12.3;
						LastSwiftMigration = 1230;
						TestTargetID = F19E7A7D25BDC6DD00A852E4;
					};
				};
			};
			buildConfigurationList = F19E7A7925BDC6DD00A852E4 /* Build configuration list for PBXProject "LC_Prime-number-set-bits-binary-rep" */;
			compatibilityVersion = "Xcode 9.3";
			developmentRegion = en;
			hasScannedForEncodings = 0;
			knownRegions = (
				en,
				Base,
			);
			mainGroup = F19E7A7525BDC6DD00A852E4;
			productRefGroup = F19E7A7F25BDC6DD00A852E4 /* Products */;
			projectDirPath = "";
			projectRoot = "";
			targets = (
				F19E7A7D25BDC6DD00A852E4 /* LC_Prime-number-set-bits-binary-rep */,
				F19E7A9325BDC6E100A852E4 /* LC_Prime-number-set-bits-binary-repTests */,
			);
		};
/* End PBXProject section */

/* Begin PBXResourcesBuildPhase section */
		F19E7A7C25BDC6DD00A852E4 /* Resources */ = {
			isa = PBXResourcesBuildPhase;
			buildActionMask = 2147483647;
			files = (
				F19E7A8E25BDC6E000A852E4 /* LaunchScreen.storyboard in Resources */,
				F19E7A8B25BDC6E000A852E4 /* Assets.xcassets in Resources */,
				F19E7A8925BDC6DD00A852E4 /* Main.storyboard in Resources */,
			);
			runOnlyForDeploymentPostprocessing = 0;
		};
		F19E7A9225BDC6E100A852E4 /* Resources */ = {
			isa = PBXResourcesBuildPhase;
			buildActionMask = 2147483647;
			files = (
			);
			runOnlyForDeploymentPostprocessing = 0;
		};
/* End PBXResourcesBuildPhase section */

/* Begin PBXSourcesBuildPhase section */
		F19E7A7A25BDC6DD00A852E4 /* Sources */ = {
			isa = PBXSourcesBuildPhase;
			buildActionMask = 2147483647;
			files = (
				F19E7A8625BDC6DD00A852E4 /* ViewController.swift in Sources */,
				F19E7A8225BDC6DD00A852E4 /* AppDelegate.swift in Sources */,
				F19E7AB925BDC6FC00A852E4 /* Solution.swift in Sources */,
				F19E7A8425BDC6DD00A852E4 /* SceneDelegate.swift in Sources */,
			);
			runOnlyForDeploymentPostprocessing = 0;
		};
		F19E7A9025BDC6E100A852E4 /* Sources */ = {
			isa = PBXSourcesBuildPhase;
			buildActionMask = 2147483647;
			files = (
				F19E7ABD25BDC71C00A852E4 /* SolutionTests.swift in Sources */,
			);
			runOnlyForDeploymentPostprocessing = 0;
		};
/* End PBXSourcesBuildPhase section */

/* Begin PBXTargetDependency section */
		F19E7A9625BDC6E100A852E4 /* PBXTargetDependency */ = {
			isa = PBXTargetDependency;
			target = F19E7A7D25BDC6DD00A852E4 /* LC_Prime-number-set-bits-binary-rep */;
			targetProxy = F19E7A9525BDC6E100A852E4 /* PBXContainerItemProxy */;
		};
/* End PBXTargetDependency section */

/* Begin PBXVariantGroup section */
		F19E7A8725BDC6DD00A852E4 /* Main.storyboard */ = {
			isa = PBXVariantGroup;
			children = (
				F19E7A8825BDC6DD00A852E4 /* Base */,
			);
			name = Main.storyboard;
			sourceTree = "<group>";
		};
		F19E7A8C25BDC6E000A852E4 /* LaunchScreen.storyboard */ = {
			isa = PBXVariantGroup;
			children = (
				F19E7A8D25BDC6E000A852E4 /* Base */,
			);
			name = LaunchScreen.storyboard;
			sourceTree = "<group>";
		};
/* End PBXVariantGroup section */

/* Begin XCBuildConfiguration section */
		F19E7AA625BDC6E100A852E4 /* Debug */ = {
			isa = XCBuildConfiguration;
			buildSettings = {
				ALWAYS_SEARCH_USER_PATHS = NO;
				CLANG_ANALYZER_NONNULL = YES;
				CLANG_ANALYZER_NUMBER_OBJECT_CONVERSION = YES_AGGRESSIVE;
				CLANG_CXX_LANGUAGE_STANDARD = "gnu++14";
				CLANG_CXX_LIBRARY = "libc++";
				CLANG_ENABLE_MODULES = YES;
				CLANG_ENABLE_OBJC_ARC = YES;
				CLANG_ENABLE_OBJC_WEAK = YES;
				CLANG_WARN_BLOCK_CAPTURE_AUTORELEASING = YES;
				CLANG_WARN_BOOL_CONVERSION = YES;
				CLANG_WARN_COMMA = YES;
				CLANG_WARN_CONSTANT_CONVERSION = YES;
				CLANG_WARN_DEPRECATED_OBJC_IMPLEMENTATIONS = YES;
				CLANG_WARN_DIRECT_OBJC_ISA_USAGE = YES_ERROR;
				CLANG_WARN_DOCUMENTATION_COMMENTS = YES;
				CLANG_WARN_EMPTY_BODY = YES;
				CLANG_WARN_ENUM_CONVERSION = YES;
				CLANG_WARN_INFINITE_RECURSION = YES;
				CLANG_WARN_INT_CONVERSION = YES;
				CLANG_WARN_NON_LITERAL_NULL_CONVERSION = YES;
				CLANG_WARN_OBJC_IMPLICIT_RETAIN_SELF = YES;
				CLANG_WARN_OBJC_LITERAL_CONVERSION = YES;
				CLANG_WARN_OBJC_ROOT_CLASS = YES_ERROR;
				CLANG_WARN_QUOTED_INCLUDE_IN_FRAMEWORK_HEADER = YES;
				CLANG_WARN_RANGE_LOOP_ANALYSIS = YES;
				CLANG_WARN_STRICT_PROTOTYPES = YES;
				CLANG_WARN_SUSPICIOUS_MOVE = YES;
				CLANG_WARN_UNGUARDED_AVAILABILITY = YES_AGGRESSIVE;
				CLANG_WARN_UNREACHABLE_CODE = YES;
				CLANG_WARN__DUPLICATE_METHOD_MATCH = YES;
				COPY_PHASE_STRIP = NO;
				DEBUG_INFORMATION_FORMAT = dwarf;
				ENABLE_STRICT_OBJC_MSGSEND = YES;
				ENABLE_TESTABILITY = YES;
				GCC_C_LANGUAGE_STANDARD = gnu11;
				GCC_DYNAMIC_NO_PIC = NO;
				GCC_NO_COMMON_BLOCKS = YES;
				GCC_OPTIMIZATION_LEVEL = 0;
				GCC_PREPROCESSOR_DEFINITIONS = (
					"DEBUG=1",
					"$(inherited)",
				);
				GCC_WARN_64_TO_32_BIT_CONVERSION = YES;
				GCC_WARN_ABOUT_RETURN_TYPE = YES_ERROR;
				GCC_WARN_UNDECLARED_SELECTOR = YES;
				GCC_WARN_UNINITIALIZED_AUTOS = YES_AGGRESSIVE;
				GCC_WARN_UNUSED_FUNCTION = YES;
				GCC_WARN_UNUSED_VARIABLE = YES;
				IPHONEOS_DEPLOYMENT_TARGET = 14.3;
				MTL_ENABLE_DEBUG_INFO = INCLUDE_SOURCE;
				MTL_FAST_MATH = YES;
				ONLY_ACTIVE_ARCH = YES;
				SDKROOT = iphoneos;
				SWIFT_ACTIVE_COMPILATION_CONDITIONS = DEBUG;
				SWIFT_OPTIMIZATION_LEVEL = "-Onone";
			};
			name = Debug;
		};
		F19E7AA725BDC6E100A852E4 /* Release */ = {
			isa = XCBuildConfiguration;
			buildSettings = {
				ALWAYS_SEARCH_USER_PATHS = NO;
				CLANG_ANALYZER_NONNULL = YES;
				CLANG_ANALYZER_NUMBER_OBJECT_CONVERSION = YES_AGGRESSIVE;
				CLANG_CXX_LANGUAGE_STANDARD = "gnu++14";
				CLANG_CXX_LIBRARY = "libc++";
				CLANG_ENABLE_MODULES = YES;
				CLANG_ENABLE_OBJC_ARC = YES;
				CLANG_ENABLE_OBJC_WEAK = YES;
				CLANG_WARN_BLOCK_CAPTURE_AUTORELEASING = YES;
				CLANG_WARN_BOOL_CONVERSION = YES;
				CLANG_WARN_COMMA = YES;
				CLANG_WARN_CONSTANT_CONVERSION = YES;
				CLANG_WARN_DEPRECATED_OBJC_IMPLEMENTATIONS = YES;
				CLANG_WARN_DIRECT_OBJC_ISA_USAGE = YES_ERROR;
				CLANG_WARN_DOCUMENTATION_COMMENTS = YES;
				CLANG_WARN_EMPTY_BODY = YES;
				CLANG_WARN_ENUM_CONVERSION = YES;
				CLANG_WARN_INFINITE_RECURSION = YES;
				CLANG_WARN_INT_CONVERSION = YES;
				CLANG_WARN_NON_LITERAL_NULL_CONVERSION = YES;
				CLANG_WARN_OBJC_IMPLICIT_RETAIN_SELF = YES;
				CLANG_WARN_OBJC_LITERAL_CONVERSION = YES;
				CLANG_WARN_OBJC_ROOT_CLASS = YES_ERROR;
				CLANG_WARN_QUOTED_INCLUDE_IN_FRAMEWORK_HEADER = YES;
				CLANG_WARN_RANGE_LOOP_ANALYSIS = YES;
				CLANG_WARN_STRICT_PROTOTYPES = YES;
				CLANG_WARN_SUSPICIOUS_MOVE = YES;
				CLANG_WARN_UNGUARDED_AVAILABILITY = YES_AGGRESSIVE;
				CLANG_WARN_UNREACHABLE_CODE = YES;
				CLANG_WARN__DUPLICATE_METHOD_MATCH = YES;
				COPY_PHASE_STRIP = NO;
				DEBUG_INFORMATION_FORMAT = "dwarf-with-dsym";
				ENABLE_NS_ASSERTIONS = NO;
				ENABLE_STRICT_OBJC_MSGSEND = YES;
				GCC_C_LANGUAGE_STANDARD = gnu11;
				GCC_NO_COMMON_BLOCKS = YES;
				GCC_WARN_64_TO_32_BIT_CONVERSION = YES;
				GCC_WARN_ABOUT_RETURN_TYPE = YES_ERROR;
				GCC_WARN_UNDECLARED_SELECTOR = YES;
				GCC_WARN_UNINITIALIZED_AUTOS = YES_AGGRESSIVE;
				GCC_WARN_UNUSED_FUNCTION = YES;
				GCC_WARN_UNUSED_VARIABLE = YES;
				IPHONEOS_DEPLOYMENT_TARGET = 14.3;
				MTL_ENABLE_DEBUG_INFO = NO;
				MTL_FAST_MATH = YES;
				SDKROOT = iphoneos;
				SWIFT_COMPILATION_MODE = wholemodule;
				SWIFT_OPTIMIZATION_LEVEL = "-O";
				VALIDATE_PRODUCT = YES;
			};
			name = Release;
		};
		F19E7AA925BDC6E100A852E4 /* Debug */ = {
			isa = XCBuildConfiguration;
			buildSettings = {
				ASSETCATALOG_COMPILER_APPICON_NAME = AppIcon;
				ASSETCATALOG_COMPILER_GLOBAL_ACCENT_COLOR_NAME = AccentColor;
				CODE_SIGN_STYLE = Automatic;
				INFOPLIST_FILE = "LC_Prime-number-set-bits-binary-rep/Info.plist";
				LD_RUNPATH_SEARCH_PATHS = (
					"$(inherited)",
					"@executable_path/Frameworks",
				);
				PRODUCT_BUNDLE_IDENTIFIER = "diego.LC-Prime-number-set-bits-binary-rep";
				PRODUCT_NAME = "$(TARGET_NAME)";
				SWIFT_VERSION = 5.0;
				TARGETED_DEVICE_FAMILY = "1,2";
			};
			name = Debug;
		};
		F19E7AAA25BDC6E100A852E4 /* Release */ = {
			isa = XCBuildConfiguration;
			buildSettings = {
				ASSETCATALOG_COMPILER_APPICON_NAME = AppIcon;
				ASSETCATALOG_COMPILER_GLOBAL_ACCENT_COLOR_NAME = AccentColor;
				CODE_SIGN_STYLE = Automatic;
				INFOPLIST_FILE = "LC_Prime-number-set-bits-binary-rep/Info.plist";
				LD_RUNPATH_SEARCH_PATHS = (
					"$(inherited)",
					"@executable_path/Frameworks",
				);
				PRODUCT_BUNDLE_IDENTIFIER = "diego.LC-Prime-number-set-bits-binary-rep";
				PRODUCT_NAME = "$(TARGET_NAME)";
				SWIFT_VERSION = 5.0;
				TARGETED_DEVICE_FAMILY = "1,2";
			};
			name = Release;
		};
		F19E7AAC25BDC6E100A852E4 /* Debug */ = {
			isa = XCBuildConfiguration;
			buildSettings = {
				ALWAYS_EMBED_SWIFT_STANDARD_LIBRARIES = YES;
				BUNDLE_LOADER = "$(TEST_HOST)";
				CLANG_ENABLE_MODULES = YES;
				CODE_SIGN_STYLE = Automatic;
				INFOPLIST_FILE = "LC_Prime-number-set-bits-binary-repTests/Info.plist";
				IPHONEOS_DEPLOYMENT_TARGET = 14.3;
				LD_RUNPATH_SEARCH_PATHS = (
					"$(inherited)",
					"@executable_path/Frameworks",
					"@loader_path/Frameworks",
				);
				PRODUCT_BUNDLE_IDENTIFIER = "diego.LC-Prime-number-set-bits-binary-repTests";
				PRODUCT_NAME = "$(TARGET_NAME)";
				SWIFT_OPTIMIZATION_LEVEL = "-Onone";
				SWIFT_VERSION = 5.0;
				TARGETED_DEVICE_FAMILY = "1,2";
				TEST_HOST = "$(BUILT_PRODUCTS_DIR)/LC_Prime-number-set-bits-binary-rep.app/LC_Prime-number-set-bits-binary-rep";
			};
			name = Debug;
		};
		F19E7AAD25BDC6E100A852E4 /* Release */ = {
			isa = XCBuildConfiguration;
			buildSettings = {
				ALWAYS_EMBED_SWIFT_STANDARD_LIBRARIES = YES;
				BUNDLE_LOADER = "$(TEST_HOST)";
				CLANG_ENABLE_MODULES = YES;
				CODE_SIGN_STYLE = Automatic;
				INFOPLIST_FILE = "LC_Prime-number-set-bits-binary-repTests/Info.plist";
				IPHONEOS_DEPLOYMENT_TARGET = 14.3;
				LD_RUNPATH_SEARCH_PATHS = (
					"$(inherited)",
					"@executable_path/Frameworks",
					"@loader_path/Frameworks",
				);
				PRODUCT_BUNDLE_IDENTIFIER = "diego.LC-Prime-number-set-bits-binary-repTests";
				PRODUCT_NAME = "$(TARGET_NAME)";
				SWIFT_VERSION = 5.0;
				TARGETED_DEVICE_FAMILY = "1,2";
				TEST_HOST = "$(BUILT_PRODUCTS_DIR)/LC_Prime-number-set-bits-binary-rep.app/LC_Prime-number-set-bits-binary-rep";
			};
			name = Release;
		};
/* End XCBuildConfiguration section */

/* Begin XCConfigurationList section */
		F19E7A7925BDC6DD00A852E4 /* Build configuration list for PBXProject "LC_Prime-number-set-bits-binary-rep" */ = {
			isa = XCConfigurationList;
			buildConfigurations = (
				F19E7AA625BDC6E100A852E4 /* Debug */,
				F19E7AA725BDC6E100A852E4 /* Release */,
			);
			defaultConfigurationIsVisible = 0;
			defaultConfigurationName = Release;
		};
		F19E7AA825BDC6E100A852E4 /* Build configuration list for PBXNativeTarget "LC_Prime-number-set-bits-binary-rep" */ = {
			isa = XCConfigurationList;
			buildConfigurations = (
				F19E7AA925BDC6E100A852E4 /* Debug */,
				F19E7AAA25BDC6E100A852E4 /* Release */,
			);
			defaultConfigurationIsVisible = 0;
			defaultConfigurationName = Release;
		};
		F19E7AAB25BDC6E100A852E4 /* Build configuration list for PBXNativeTarget "LC_Prime-number-set-bits-binary-repTests" */ = {
			isa = XCConfigurationList;
			buildConfigurations = (
				F19E7AAC25BDC6E100A852E4 /* Debug */,
				F19E7AAD25BDC6E100A852E4 /* Release */,
			);
			defaultConfigurationIsVisible = 0;
			defaultConfigurationName = Release;
		};
/* End XCConfigurationList section */
	};
	rootObject = F19E7A7625BDC6DD00A852E4 /* Project object */;
}
